
Microsoft Visual Studio Solution File, Format Version 12.00
# Visual Studio Version 17
VisualStudioVersion = 17.0.31919.166
MinimumVisualStudioVersion = 10.0.40219.1
Project("{8BC9CEB8-8B4A-11D0-8D11-00A0C91BC942}") = "2048", "2048\2048.vcxproj", "{898DE3A7-017E-40E8-A962-6F4752AADBBC}"
EndProject
Global
	GlobalSection(SolutionConfigurationPlatforms) = preSolution
		Debug|x64 = Debug|x64
		Debug|x86 = Debug|x86
		Release|x64 = Release|x64
		Release|x86 = Release|x86
	EndGlobalSection
	GlobalSection(ProjectConfigurationPlatforms) = postSolution
		{898DE3A7-017E-40E8-A962-6F4752AADBBC}.Debug|x64.ActiveCfg = Debug|x64
		{898DE3A7-017E-40E8-A962-6F4752AADBBC}.Debug|x64.Build.0 = Debug|x64
		{898DE3A7-017E-40E8-A962-6F4752AADBBC}.Debug|x86.ActiveCfg = Debug|Win32
		{898DE3A7-017E-40E8-A962-6F4752AADBBC}.Debug|x86.Build.0 = Debug|Win32
		{898DE3A7-017E-40E8-A962-6F4752AADBBC}.Release|x64.ActiveCfg = Release|x64
		{898DE3A7-017E-40E8-A962-6F4752AADBBC}.Release|x64.Build.0 = Release|x64
		{898DE3A7-017E-40E8-A962-6F4752AADBBC}.Release|x86.ActiveCfg = Release|Win32
		{898DE3A7-017E-40E8-A962-6F4752AADBBC}.Release|x86.Build.0 = Release|Win32
	EndGlobalSection
	GlobalSection(SolutionProperties) = preSolution
		HideSolutionNode = FALSE
	EndGlobalSection
	GlobalSection(ExtensibilityGlobals) = postSolution
		SolutionGuid = {2F00CCBA-9C6A-465A-B803-B7673811C9CE}
	EndGlobalSection
EndGlobal
